
Microsoft Visual Studio Solution File, Format Version 12.00
# Visual Studio Version 17
VisualStudioVersion = 17.9.34607.119
MinimumVisualStudioVersion = 10.0.40219.1
Project("{FAE04EC0-301F-11D3-BF4B-00C04F79EFBC}") = "Lab2", "Lab2.csproj", "{CD0ED39B-B69D-4A1E-889D-0FB34BA4B26A}"
EndProject
Global
	GlobalSection(SolutionConfigurationPlatforms) = preSolution
		Debug|Any CPU = Debug|Any CPU
		Release|Any CPU = Release|Any CPU
	EndGlobalSection
	GlobalSection(ProjectConfigurationPlatforms) = postSolution
		{CD0ED39B-B69D-4A1E-889D-0FB34BA4B26A}.Debug|Any CPU.ActiveCfg = Debug|Any CPU
		{CD0ED39B-B69D-4A1E-889D-0FB34BA4B26A}.Debug|Any CPU.Build.0 = Debug|Any CPU
		{CD0ED39B-B69D-4A1E-889D-0FB34BA4B26A}.Release|Any CPU.ActiveCfg = Release|Any CPU
		{CD0ED39B-B69D-4A1E-889D-0FB34BA4B26A}.Release|Any CPU.Build.0 = Release|Any CPU
	EndGlobalSection
	GlobalSection(SolutionProperties) = preSolution
		HideSolutionNode = FALSE
	EndGlobalSection
	GlobalSection(ExtensibilityGlobals) = postSolution
		SolutionGuid = {FCC0B3E7-622F-4C50-9978-E10970355F3A}
	EndGlobalSection
EndGlobal
